{
  "object": {
    "pins": [
      {
        "package": "Realm",
        "repositoryURL": "https://github.com/realm/realm-cocoa.git",
        "state": {
          "branch": null,
          "revision": "000b257aa576bbe2c8ca18e6e84bd6cb56e5cf5b",
          "version": "10.1.0"
        }
      },
      {
        "package": "RealmCore",
        "repositoryURL": "https://github.com/realm/realm-core",
        "state": {
          "branch": null,
          "revision": "c29f4347aff5d1f61f7672c05ebf1bfbc1d44d25",
          "version": "10.0.0"
        }
      }
    ]
  },
  "version": 1
}
